// !$*UTF8*$!
{
	archiveVersion = 1;
	classes = {
	};
	objectVersion = 46;
	objects = {

/* Begin PBXBuildFile section */
		372AE7711D582D9F001D72DF /* FilePageDatabase.swift in Sources */ = {isa = PBXBuildFile; fileRef = 372AE76D1D582D9F001D72DF /* FilePageDatabase.swift */; };
		372AE7731D582D9F001D72DF /* QueryEvaluation.swift in Sources */ = {isa = PBXBuildFile; fileRef = 372AE76F1D582D9F001D72DF /* QueryEvaluation.swift */; };
		372AE7741D582D9F001D72DF /* QueryParser.swift in Sources */ = {isa = PBXBuildFile; fileRef = 372AE7701D582D9F001D72DF /* QueryParser.swift */; };
		372C15571D501024005AD596 /* libKineo.dylib in Frameworks */ = {isa = PBXBuildFile; fileRef = 379C05631D219B9A00ACE54D /* libKineo.dylib */; };
		379C05651D219C8B00ACE54D /* libKineo.dylib in Frameworks */ = {isa = PBXBuildFile; fileRef = 379C05631D219B9A00ACE54D /* libKineo.dylib */; };
		37B839B71D1E06B500BE718B /* main.swift in Sources */ = {isa = PBXBuildFile; fileRef = 37B839A31D1E06B500BE718B /* main.swift */; };
/* End PBXBuildFile section */

/* Begin PBXCopyFilesBuildPhase section */
		37B839801D1DECF700BE718B /* CopyFiles */ = {
			isa = PBXCopyFilesBuildPhase;
			buildActionMask = 2147483647;
			dstPath = /usr/share/man/man1/;
			dstSubfolderSpec = 0;
			files = (
			);
			runOnlyForDeploymentPostprocessing = 1;
		};
/* End PBXCopyFilesBuildPhase section */

/* Begin PBXFileReference section */
		372AE76D1D582D9F001D72DF /* FilePageDatabase.swift */ = {isa = PBXFileReference; fileEncoding = 4; lastKnownFileType = sourcecode.swift; path = FilePageDatabase.swift; sourceTree = "<group>"; };
		372AE76E1D582D9F001D72DF /* Info.plist */ = {isa = PBXFileReference; fileEncoding = 4; lastKnownFileType = text.plist.xml; path = Info.plist; sourceTree = "<group>"; };
		372AE76F1D582D9F001D72DF /* QueryEvaluation.swift */ = {isa = PBXFileReference; fileEncoding = 4; lastKnownFileType = sourcecode.swift; path = QueryEvaluation.swift; sourceTree = "<group>"; };
		372AE7701D582D9F001D72DF /* QueryParser.swift */ = {isa = PBXFileReference; fileEncoding = 4; lastKnownFileType = sourcecode.swift; path = QueryParser.swift; sourceTree = "<group>"; };
		372C154E1D500FD6005AD596 /* kineo-test.xctest */ = {isa = PBXFileReference; explicitFileType = wrapper.cfbundle; includeInIndex = 0; path = "kineo-test.xctest"; sourceTree = BUILT_PRODUCTS_DIR; };
		37620ED41D4F0FA100AEC10F /* Expression.swift */ = {isa = PBXFileReference; fileEncoding = 4; lastKnownFileType = sourcecode.swift; path = Expression.swift; sourceTree = "<group>"; };
		377C49F41D3061EF006222B6 /* Query.swift */ = {isa = PBXFileReference; fileEncoding = 4; lastKnownFileType = sourcecode.swift; path = Query.swift; sourceTree = "<group>"; };
		379C05631D219B9A00ACE54D /* libKineo.dylib */ = {isa = PBXFileReference; lastKnownFileType = "compiled.mach-o.dylib"; name = libKineo.dylib; path = .build/debug/libKineo.dylib; sourceTree = "<group>"; };
		37B839821D1DECF700BE718B /* kineo-cli */ = {isa = PBXFileReference; explicitFileType = "compiled.mach-o.executable"; includeInIndex = 0; path = "kineo-cli"; sourceTree = BUILT_PRODUCTS_DIR; };
		37B839961D1E06B500BE718B /* Database.swift */ = {isa = PBXFileReference; fileEncoding = 4; lastKnownFileType = sourcecode.swift; path = Database.swift; sourceTree = "<group>"; };
		37B839971D1E06B500BE718B /* FilePageDatabase.swift */ = {isa = PBXFileReference; fileEncoding = 4; lastKnownFileType = sourcecode.swift; path = FilePageDatabase.swift; sourceTree = "<group>"; };
		37B839981D1E06B500BE718B /* Tables.swift */ = {isa = PBXFileReference; fileEncoding = 4; lastKnownFileType = sourcecode.swift; path = Tables.swift; sourceTree = "<group>"; };
		37B839991D1E06B500BE718B /* Trees.swift */ = {isa = PBXFileReference; fileEncoding = 4; lastKnownFileType = sourcecode.swift; path = Trees.swift; sourceTree = "<group>"; };
		37B8399B1D1E06B500BE718B /* QuadStore.swift */ = {isa = PBXFileReference; fileEncoding = 4; lastKnownFileType = sourcecode.swift; path = QuadStore.swift; sourceTree = "<group>"; };
		37B8399D1D1E06B500BE718B /* NTriples.swift */ = {isa = PBXFileReference; fileEncoding = 4; lastKnownFileType = sourcecode.swift; path = NTriples.swift; sourceTree = "<group>"; };
		37B8399E1D1E06B500BE718B /* RDF.swift */ = {isa = PBXFileReference; fileEncoding = 4; lastKnownFileType = sourcecode.swift; path = RDF.swift; sourceTree = "<group>"; };
		37B839A01D1E06B500BE718B /* LRUCache.swift */ = {isa = PBXFileReference; fileEncoding = 4; lastKnownFileType = sourcecode.swift; path = LRUCache.swift; sourceTree = "<group>"; };
		37B839A11D1E06B500BE718B /* Util.swift */ = {isa = PBXFileReference; fileEncoding = 4; lastKnownFileType = sourcecode.swift; path = Util.swift; sourceTree = "<group>"; };
		37B839A31D1E06B500BE718B /* main.swift */ = {isa = PBXFileReference; fileEncoding = 4; lastKnownFileType = sourcecode.swift; path = main.swift; sourceTree = "<group>"; };
/* End PBXFileReference section */

/* Begin PBXFrameworksBuildPhase section */
		372C154B1D500FD6005AD596 /* Frameworks */ = {
			isa = PBXFrameworksBuildPhase;
			buildActionMask = 2147483647;
			files = (
				372C15571D501024005AD596 /* libKineo.dylib in Frameworks */,
			);
			runOnlyForDeploymentPostprocessing = 0;
		};
		37B8397F1D1DECF700BE718B /* Frameworks */ = {
			isa = PBXFrameworksBuildPhase;
			buildActionMask = 2147483647;
			files = (
				379C05651D219C8B00ACE54D /* libKineo.dylib in Frameworks */,
			);
			runOnlyForDeploymentPostprocessing = 0;
		};
/* End PBXFrameworksBuildPhase section */

/* Begin PBXGroup section */
		372AE76C1D582D9F001D72DF /* KineoTests */ = {
			isa = PBXGroup;
			children = (
				372AE76E1D582D9F001D72DF /* Info.plist */,
				372AE76D1D582D9F001D72DF /* FilePageDatabase.swift */,
				372AE76F1D582D9F001D72DF /* QueryEvaluation.swift */,
				372AE7701D582D9F001D72DF /* QueryParser.swift */,
			);
			path = KineoTests;
			sourceTree = "<group>";
		};
		372C15471D500FAB005AD596 /* Tests */ = {
			isa = PBXGroup;
			children = (
				372AE76C1D582D9F001D72DF /* KineoTests */,
			);
			path = Tests;
			sourceTree = "<group>";
		};
		379C05621D219B9A00ACE54D /* Frameworks */ = {
			isa = PBXGroup;
			children = (
				379C05631D219B9A00ACE54D /* libKineo.dylib */,
			);
			name = Frameworks;
			sourceTree = "<group>";
		};
		37B839421D1DA34100BE718B = {
			isa = PBXGroup;
			children = (
				372C15471D500FAB005AD596 /* Tests */,
				37B839931D1E06B500BE718B /* Sources */,
				37B8394C1D1DA34200BE718B /* Products */,
				379C05621D219B9A00ACE54D /* Frameworks */,
			);
			sourceTree = "<group>";
		};
		37B8394C1D1DA34200BE718B /* Products */ = {
			isa = PBXGroup;
			children = (
				37B839821D1DECF700BE718B /* kineo-cli */,
				372C154E1D500FD6005AD596 /* kineo-test.xctest */,
			);
			name = Products;
			sourceTree = "<group>";
		};
		37B839931D1E06B500BE718B /* Sources */ = {
			isa = PBXGroup;
			children = (
				37B839941D1E06B500BE718B /* Kineo */,
				37B839A21D1E06B500BE718B /* kineo-cli */,
			);
			path = Sources;
			sourceTree = "<group>";
		};
		37B839941D1E06B500BE718B /* Kineo */ = {
			isa = PBXGroup;
			children = (
				37B839951D1E06B500BE718B /* Database */,
				37B8399A1D1E06B500BE718B /* QuadStore */,
				37B8399C1D1E06B500BE718B /* RDF */,
				37B8399F1D1E06B500BE718B /* Util */,
			);
			path = Kineo;
			sourceTree = "<group>";
		};
		37B839951D1E06B500BE718B /* Database */ = {
			isa = PBXGroup;
			children = (
				37B839961D1E06B500BE718B /* Database.swift */,
				37B839971D1E06B500BE718B /* FilePageDatabase.swift */,
				37B839981D1E06B500BE718B /* Tables.swift */,
				37B839991D1E06B500BE718B /* Trees.swift */,
			);
			path = Database;
			sourceTree = "<group>";
		};
		37B8399A1D1E06B500BE718B /* QuadStore */ = {
			isa = PBXGroup;
			children = (
				37B8399B1D1E06B500BE718B /* QuadStore.swift */,
				377C49F41D3061EF006222B6 /* Query.swift */,
				37620ED41D4F0FA100AEC10F /* Expression.swift */,
			);
			path = QuadStore;
			sourceTree = "<group>";
		};
		37B8399C1D1E06B500BE718B /* RDF */ = {
			isa = PBXGroup;
			children = (
				37B8399D1D1E06B500BE718B /* NTriples.swift */,
				37B8399E1D1E06B500BE718B /* RDF.swift */,
			);
			path = RDF;
			sourceTree = "<group>";
		};
		37B8399F1D1E06B500BE718B /* Util */ = {
			isa = PBXGroup;
			children = (
				37B839A01D1E06B500BE718B /* LRUCache.swift */,
				37B839A11D1E06B500BE718B /* Util.swift */,
			);
			path = Util;
			sourceTree = "<group>";
		};
		37B839A21D1E06B500BE718B /* kineo-cli */ = {
			isa = PBXGroup;
			children = (
				37B839A31D1E06B500BE718B /* main.swift */,
			);
			path = "kineo-cli";
			sourceTree = "<group>";
		};
/* End PBXGroup section */

/* Begin PBXNativeTarget section */
		372C154D1D500FD6005AD596 /* kineo-test */ = {
			isa = PBXNativeTarget;
			buildConfigurationList = 372C15531D500FD6005AD596 /* Build configuration list for PBXNativeTarget "kineo-test" */;
			buildPhases = (
				372C15581D501051005AD596 /* ShellScript */,
				372C154A1D500FD6005AD596 /* Sources */,
				372C154B1D500FD6005AD596 /* Frameworks */,
				372C154C1D500FD6005AD596 /* Resources */,
			);
			buildRules = (
			);
			dependencies = (
			);
			name = "kineo-test";
			productName = "kineo-test";
			productReference = 372C154E1D500FD6005AD596 /* kineo-test.xctest */;
			productType = "com.apple.product-type.bundle.unit-test";
		};
		37B839811D1DECF700BE718B /* kineo-cli */ = {
			isa = PBXNativeTarget;
			buildConfigurationList = 37B839861D1DECF700BE718B /* Build configuration list for PBXNativeTarget "kineo-cli" */;
			buildPhases = (
				379C05611D219A7700ACE54D /* ShellScript */,
				37B8397E1D1DECF700BE718B /* Sources */,
				37B8397F1D1DECF700BE718B /* Frameworks */,
				37B839801D1DECF700BE718B /* CopyFiles */,
			);
			buildRules = (
			);
			dependencies = (
			);
			name = "kineo-cli";
			productName = "kineo-cli";
			productReference = 37B839821D1DECF700BE718B /* kineo-cli */;
			productType = "com.apple.product-type.tool";
		};
/* End PBXNativeTarget section */

/* Begin PBXProject section */
		37B839431D1DA34100BE718B /* Project object */ = {
			isa = PBXProject;
			attributes = {
				LastSwiftUpdateCheck = 0800;
				LastUpgradeCheck = 0800;
				ORGANIZATIONNAME = "Gregory Todd Williams";
				TargetAttributes = {
					372C154D1D500FD6005AD596 = {
						CreatedOnToolsVersion = 8.0;
						DevelopmentTeam = G54M5PALR9;
						ProvisioningStyle = Automatic;
					};
					37B839811D1DECF700BE718B = {
						CreatedOnToolsVersion = 8.0;
						DevelopmentTeam = G54M5PALR9;
						DevelopmentTeamName = "Gregory Williams";
						LastSwiftMigration = 0800;
						ProvisioningStyle = Automatic;
					};
				};
			};
			buildConfigurationList = 37B839461D1DA34100BE718B /* Build configuration list for PBXProject "Kineo" */;
			compatibilityVersion = "Xcode 3.2";
			developmentRegion = English;
			hasScannedForEncodings = 0;
			knownRegions = (
				en,
			);
			mainGroup = 37B839421D1DA34100BE718B;
			productRefGroup = 37B8394C1D1DA34200BE718B /* Products */;
			projectDirPath = "";
			projectRoot = "";
			targets = (
				37B839811D1DECF700BE718B /* kineo-cli */,
				372C154D1D500FD6005AD596 /* kineo-test */,
			);
		};
/* End PBXProject section */

/* Begin PBXResourcesBuildPhase section */
		372C154C1D500FD6005AD596 /* Resources */ = {
			isa = PBXResourcesBuildPhase;
			buildActionMask = 2147483647;
			files = (
			);
			runOnlyForDeploymentPostprocessing = 0;
		};
/* End PBXResourcesBuildPhase section */

/* Begin PBXShellScriptBuildPhase section */
		372C15581D501051005AD596 /* ShellScript */ = {
			isa = PBXShellScriptBuildPhase;
			buildActionMask = 2147483647;
			files = (
			);
			inputPaths = (
			);
			outputPaths = (
			);
			runOnlyForDeploymentPostprocessing = 0;
			shellPath = /bin/sh;
			shellScript = "swift build --chdir \"$SRCROOT\"\n";
		};
		379C05611D219A7700ACE54D /* ShellScript */ = {
			isa = PBXShellScriptBuildPhase;
			buildActionMask = 2147483647;
			files = (
			);
			inputPaths = (
			);
			outputPaths = (
			);
			runOnlyForDeploymentPostprocessing = 0;
			shellPath = /bin/sh;
			shellScript = "swift build --chdir \"$SRCROOT\"\n";
		};
/* End PBXShellScriptBuildPhase section */

/* Begin PBXSourcesBuildPhase section */
		372C154A1D500FD6005AD596 /* Sources */ = {
			isa = PBXSourcesBuildPhase;
			buildActionMask = 2147483647;
			files = (
				372AE7731D582D9F001D72DF /* QueryEvaluation.swift in Sources */,
				372AE7711D582D9F001D72DF /* FilePageDatabase.swift in Sources */,
				372AE7741D582D9F001D72DF /* QueryParser.swift in Sources */,
			);
			runOnlyForDeploymentPostprocessing = 0;
		};
		37B8397E1D1DECF700BE718B /* Sources */ = {
			isa = PBXSourcesBuildPhase;
			buildActionMask = 2147483647;
			files = (
				37B839B71D1E06B500BE718B /* main.swift in Sources */,
			);
			runOnlyForDeploymentPostprocessing = 0;
		};
/* End PBXSourcesBuildPhase section */

/* Begin XCBuildConfiguration section */
		372C15541D500FD6005AD596 /* Debug */ = {
			isa = XCBuildConfiguration;
			buildSettings = {
				CLANG_WARN_INFINITE_RECURSION = YES;
				CLANG_WARN_SUSPICIOUS_MOVES = YES;
				COMBINE_HIDPI_IMAGES = YES;
				DEVELOPMENT_TEAM = G54M5PALR9;
				INFOPLIST_FILE = Tests/KineoTests/Info.plist;
				LD_RUNPATH_SEARCH_PATHS = "$(inherited) @executable_path/../Frameworks @loader_path/../Frameworks";
				LIBRARY_SEARCH_PATHS = (
					"$(inherited)",
					"$(PROJECT_DIR)/.build/debug",
				);
				PRODUCT_BUNDLE_IDENTIFIER = "us.kasei.kineo-test";
				PRODUCT_NAME = "$(TARGET_NAME)";
				SWIFT_ACTIVE_COMPILATION_CONDITIONS = DEBUG;
				SWIFT_INCLUDE_PATHS = "$(SRCROOT)/.build/debug/";
				SWIFT_VERSION = 3.0;
			};
			name = Debug;
		};
		372C15551D500FD6005AD596 /* Release */ = {
			isa = XCBuildConfiguration;
			buildSettings = {
				CLANG_WARN_INFINITE_RECURSION = YES;
				CLANG_WARN_SUSPICIOUS_MOVES = YES;
				COMBINE_HIDPI_IMAGES = YES;
				DEVELOPMENT_TEAM = G54M5PALR9;
				INFOPLIST_FILE = Tests/KineoTests/Info.plist;
				LD_RUNPATH_SEARCH_PATHS = "$(inherited) @executable_path/../Frameworks @loader_path/../Frameworks";
				LIBRARY_SEARCH_PATHS = (
					"$(inherited)",
					"$(PROJECT_DIR)/.build/release",
				);
				PRODUCT_BUNDLE_IDENTIFIER = "us.kasei.kineo-test";
				PRODUCT_NAME = "$(TARGET_NAME)";
				SWIFT_INCLUDE_PATHS = "$(SRCROOT)/.build/release/";
				SWIFT_OPTIMIZATION_LEVEL = "-Owholemodule";
				SWIFT_VERSION = 3.0;
			};
			name = Release;
		};
		37B839501D1DA34200BE718B /* Debug */ = {
			isa = XCBuildConfiguration;
			buildSettings = {
				ALWAYS_SEARCH_USER_PATHS = NO;
				CLANG_ANALYZER_NONNULL = YES;
				CLANG_CXX_LANGUAGE_STANDARD = "gnu++0x";
				CLANG_CXX_LIBRARY = "libc++";
				CLANG_ENABLE_MODULES = YES;
				CLANG_ENABLE_OBJC_ARC = YES;
				CLANG_WARN_BOOL_CONVERSION = YES;
				CLANG_WARN_CONSTANT_CONVERSION = YES;
				CLANG_WARN_DIRECT_OBJC_ISA_USAGE = YES_ERROR;
				CLANG_WARN_DOCUMENTATION_COMMENTS = YES;
				CLANG_WARN_EMPTY_BODY = YES;
				CLANG_WARN_ENUM_CONVERSION = YES;
				CLANG_WARN_INT_CONVERSION = YES;
				CLANG_WARN_OBJC_ROOT_CLASS = YES_ERROR;
				CLANG_WARN_UNREACHABLE_CODE = YES;
				CLANG_WARN__DUPLICATE_METHOD_MATCH = YES;
				CODE_SIGN_IDENTITY = "-";
				COPY_PHASE_STRIP = NO;
				DEBUG_INFORMATION_FORMAT = dwarf;
				ENABLE_STRICT_OBJC_MSGSEND = YES;
				ENABLE_TESTABILITY = YES;
				GCC_C_LANGUAGE_STANDARD = gnu99;
				GCC_DYNAMIC_NO_PIC = NO;
				GCC_NO_COMMON_BLOCKS = YES;
				GCC_OPTIMIZATION_LEVEL = 0;
				GCC_PREPROCESSOR_DEFINITIONS = (
					"DEBUG=1",
					"$(inherited)",
				);
				GCC_WARN_64_TO_32_BIT_CONVERSION = YES;
				GCC_WARN_ABOUT_RETURN_TYPE = YES_ERROR;
				GCC_WARN_UNDECLARED_SELECTOR = YES;
				GCC_WARN_UNINITIALIZED_AUTOS = YES_AGGRESSIVE;
				GCC_WARN_UNUSED_FUNCTION = YES;
				GCC_WARN_UNUSED_VARIABLE = YES;
				MACOSX_DEPLOYMENT_TARGET = 10.11;
				MTL_ENABLE_DEBUG_INFO = YES;
				ONLY_ACTIVE_ARCH = YES;
				SDKROOT = macosx;
				SWIFT_OPTIMIZATION_LEVEL = "-Onone";
			};
			name = Debug;
		};
		37B839511D1DA34200BE718B /* Release */ = {
			isa = XCBuildConfiguration;
			buildSettings = {
				ALWAYS_SEARCH_USER_PATHS = NO;
				CLANG_ANALYZER_NONNULL = YES;
				CLANG_CXX_LANGUAGE_STANDARD = "gnu++0x";
				CLANG_CXX_LIBRARY = "libc++";
				CLANG_ENABLE_MODULES = YES;
				CLANG_ENABLE_OBJC_ARC = YES;
				CLANG_WARN_BOOL_CONVERSION = YES;
				CLANG_WARN_CONSTANT_CONVERSION = YES;
				CLANG_WARN_DIRECT_OBJC_ISA_USAGE = YES_ERROR;
				CLANG_WARN_DOCUMENTATION_COMMENTS = YES;
				CLANG_WARN_EMPTY_BODY = YES;
				CLANG_WARN_ENUM_CONVERSION = YES;
				CLANG_WARN_INT_CONVERSION = YES;
				CLANG_WARN_OBJC_ROOT_CLASS = YES_ERROR;
				CLANG_WARN_UNREACHABLE_CODE = YES;
				CLANG_WARN__DUPLICATE_METHOD_MATCH = YES;
				CODE_SIGN_IDENTITY = "-";
				COPY_PHASE_STRIP = NO;
				DEBUG_INFORMATION_FORMAT = "dwarf-with-dsym";
				ENABLE_NS_ASSERTIONS = NO;
				ENABLE_STRICT_OBJC_MSGSEND = YES;
				GCC_C_LANGUAGE_STANDARD = gnu99;
				GCC_NO_COMMON_BLOCKS = YES;
				GCC_WARN_64_TO_32_BIT_CONVERSION = YES;
				GCC_WARN_ABOUT_RETURN_TYPE = YES_ERROR;
				GCC_WARN_UNDECLARED_SELECTOR = YES;
				GCC_WARN_UNINITIALIZED_AUTOS = YES_AGGRESSIVE;
				GCC_WARN_UNUSED_FUNCTION = YES;
				GCC_WARN_UNUSED_VARIABLE = YES;
				MACOSX_DEPLOYMENT_TARGET = 10.11;
				MTL_ENABLE_DEBUG_INFO = NO;
				SDKROOT = macosx;
			};
			name = Release;
		};
		37B839871D1DECF700BE718B /* Debug */ = {
			isa = XCBuildConfiguration;
			buildSettings = {
				LIBRARY_SEARCH_PATHS = (
					"$(inherited)",
					"$(PROJECT_DIR)/.build/debug",
				);
				LLVM_LTO = YES_THIN;
				PRODUCT_NAME = "$(TARGET_NAME)";
				SWIFT_INCLUDE_PATHS = "$(SRCROOT)/.build/debug/";
				SWIFT_VERSION = 3.0;
			};
			name = Debug;
		};
		37B839881D1DECF700BE718B /* Release */ = {
			isa = XCBuildConfiguration;
			buildSettings = {
				LIBRARY_SEARCH_PATHS = (
					"$(inherited)",
					"$(PROJECT_DIR)/.build/release",
				);
				LLVM_LTO = YES_THIN;
				PRODUCT_NAME = "$(TARGET_NAME)";
				SWIFT_INCLUDE_PATHS = "$(SRCROOT)/.build/release/";
				SWIFT_OPTIMIZATION_LEVEL = "-Owholemodule";
				SWIFT_VERSION = 3.0;
			};
			name = Release;
		};
/* End XCBuildConfiguration section */

/* Begin XCConfigurationList section */
		372C15531D500FD6005AD596 /* Build configuration list for PBXNativeTarget "kineo-test" */ = {
			isa = XCConfigurationList;
			buildConfigurations = (
				372C15541D500FD6005AD596 /* Debug */,
				372C15551D500FD6005AD596 /* Release */,
			);
			defaultConfigurationIsVisible = 0;
			defaultConfigurationName = Release;
		};
		37B839461D1DA34100BE718B /* Build configuration list for PBXProject "Kineo" */ = {
			isa = XCConfigurationList;
			buildConfigurations = (
				37B839501D1DA34200BE718B /* Debug */,
				37B839511D1DA34200BE718B /* Release */,
			);
			defaultConfigurationIsVisible = 0;
			defaultConfigurationName = Release;
		};
		37B839861D1DECF700BE718B /* Build configuration list for PBXNativeTarget "kineo-cli" */ = {
			isa = XCConfigurationList;
			buildConfigurations = (
				37B839871D1DECF700BE718B /* Debug */,
				37B839881D1DECF700BE718B /* Release */,
			);
			defaultConfigurationIsVisible = 0;
			defaultConfigurationName = Release;
		};
/* End XCConfigurationList section */
	};
	rootObject = 37B839431D1DA34100BE718B /* Project object */;
}
